
Microsoft Visual Studio Solution File, Format Version 12.00
# Visual Studio Version 16
VisualStudioVersion = 16.0.33027.164
MinimumVisualStudioVersion = 10.0.40219.1
Project("{FAE04EC0-301F-11D3-BF4B-00C04F79EFBC}") = "EvidenceMVC", "EvidenceMVC\EvidenceMVC.csproj", "{42758287-559B-44FC-9D4E-D955E882D341}"
EndProject
Global
	GlobalSection(SolutionConfigurationPlatforms) = preSolution
		Debug|Any CPU = Debug|Any CPU
		Release|Any CPU = Release|Any CPU
	EndGlobalSection
	GlobalSection(ProjectConfigurationPlatforms) = postSolution
		{42758287-559B-44FC-9D4E-D955E882D341}.Debug|Any CPU.ActiveCfg = Debug|Any CPU
		{42758287-559B-44FC-9D4E-D955E882D341}.Debug|Any CPU.Build.0 = Debug|Any CPU
		{42758287-559B-44FC-9D4E-D955E882D341}.Release|Any CPU.ActiveCfg = Release|Any CPU
		{42758287-559B-44FC-9D4E-D955E882D341}.Release|Any CPU.Build.0 = Release|Any CPU
	EndGlobalSection
	GlobalSection(SolutionProperties) = preSolution
		HideSolutionNode = FALSE
	EndGlobalSection
	GlobalSection(ExtensibilityGlobals) = postSolution
		SolutionGuid = {2FCB258B-1B7D-4C1C-B611-C723F0F98B63}
	EndGlobalSection
EndGlobal
